// !$*UTF8*$!
{
	archiveVersion = 1;
	classes = {
	};
	objectVersion = 56;
	objects = {

/* Begin PBXBuildFile section */
		4152BC9E2981E239001F3221 /* MyWeatherApp.swift in Sources */ = {isa = PBXBuildFile; fileRef = 4152BC9D2981E239001F3221 /* MyWeatherApp.swift */; };
		4152BCA02981E239001F3221 /* ContentView.swift in Sources */ = {isa = PBXBuildFile; fileRef = 4152BC9F2981E239001F3221 /* ContentView.swift */; };
		4152BCA22981E23A001F3221 /* Assets.xcassets in Resources */ = {isa = PBXBuildFile; fileRef = 4152BCA12981E23A001F3221 /* Assets.xcassets */; };
		4152BCA52981E23A001F3221 /* Preview Assets.xcassets in Resources */ = {isa = PBXBuildFile; fileRef = 4152BCA42981E23A001F3221 /* Preview Assets.xcassets */; };
		4152BCA72981E23A001F3221 /* Persistence.swift in Sources */ = {isa = PBXBuildFile; fileRef = 4152BCA62981E23A001F3221 /* Persistence.swift */; };
		4152BCB42981E23A001F3221 /* MyWeatherTests.swift in Sources */ = {isa = PBXBuildFile; fileRef = 4152BCB32981E23A001F3221 /* MyWeatherTests.swift */; };
		4152BCBE2981E23A001F3221 /* MyWeatherUITests.swift in Sources */ = {isa = PBXBuildFile; fileRef = 4152BCBD2981E23A001F3221 /* MyWeatherUITests.swift */; };
		4152BCC02981E23A001F3221 /* MyWeatherUITestsLaunchTests.swift in Sources */ = {isa = PBXBuildFile; fileRef = 4152BCBF2981E23A001F3221 /* MyWeatherUITestsLaunchTests.swift */; };
		4152BCD12981E524001F3221 /* LocationDataManager.swift in Sources */ = {isa = PBXBuildFile; fileRef = 4152BCD02981E524001F3221 /* LocationDataManager.swift */; };
		4152BCD32981E55A001F3221 /* LocationSearchModel.swift in Sources */ = {isa = PBXBuildFile; fileRef = 4152BCD22981E55A001F3221 /* LocationSearchModel.swift */; };
		4152BCD52981E580001F3221 /* AddView.swift in Sources */ = {isa = PBXBuildFile; fileRef = 4152BCD42981E580001F3221 /* AddView.swift */; };
		4152BCD72981E5B2001F3221 /* SettingsView.swift in Sources */ = {isa = PBXBuildFile; fileRef = 4152BCD62981E5B2001F3221 /* SettingsView.swift */; };
		4152BCD92981E5F7001F3221 /* WeatherModel.swift in Sources */ = {isa = PBXBuildFile; fileRef = 4152BCD82981E5F7001F3221 /* WeatherModel.swift */; };
		41712F1A298307CD004DBB5B /* CityInfo.xcdatamodeld in Sources */ = {isa = PBXBuildFile; fileRef = 41712F18298307CD004DBB5B /* CityInfo.xcdatamodeld */; };
		41712F1D29830841004DBB5B /* CityInfo+CoreDataClass.swift in Sources */ = {isa = PBXBuildFile; fileRef = 41712F1B29830841004DBB5B /* CityInfo+CoreDataClass.swift */; };
		41712F1E29830841004DBB5B /* CityInfo+CoreDataProperties.swift in Sources */ = {isa = PBXBuildFile; fileRef = 41712F1C29830841004DBB5B /* CityInfo+CoreDataProperties.swift */; };
		41BE6FC52983DAEC0066872E /* CityView.swift in Sources */ = {isa = PBXBuildFile; fileRef = 41BE6FC42983DAEC0066872E /* CityView.swift */; };
		41BE6FC72983F7F90066872E /* CurrentLocationView.swift in Sources */ = {isa = PBXBuildFile; fileRef = 41BE6FC62983F7F90066872E /* CurrentLocationView.swift */; };
/* End PBXBuildFile section */

/* Begin PBXContainerItemProxy section */
		4152BCB02981E23A001F3221 /* PBXContainerItemProxy */ = {
			isa = PBXContainerItemProxy;
			containerPortal = 4152BC922981E239001F3221 /* Project object */;
			proxyType = 1;
			remoteGlobalIDString = 4152BC992981E239001F3221;
			remoteInfo = MyWeather;
		};
		4152BCBA2981E23A001F3221 /* PBXContainerItemProxy */ = {
			isa = PBXContainerItemProxy;
			containerPortal = 4152BC922981E239001F3221 /* Project object */;
			proxyType = 1;
			remoteGlobalIDString = 4152BC992981E239001F3221;
			remoteInfo = MyWeather;
		};
/* End PBXContainerItemProxy section */

/* Begin PBXFileReference section */
		4152BC9A2981E239001F3221 /* MyWeather.app */ = {isa = PBXFileReference; explicitFileType = wrapper.application; includeInIndex = 0; path = MyWeather.app; sourceTree = BUILT_PRODUCTS_DIR; };
		4152BC9D2981E239001F3221 /* MyWeatherApp.swift */ = {isa = PBXFileReference; lastKnownFileType = sourcecode.swift; path = MyWeatherApp.swift; sourceTree = "<group>"; };
		4152BC9F2981E239001F3221 /* ContentView.swift */ = {isa = PBXFileReference; lastKnownFileType = sourcecode.swift; path = ContentView.swift; sourceTree = "<group>"; };
		4152BCA12981E23A001F3221 /* Assets.xcassets */ = {isa = PBXFileReference; lastKnownFileType = folder.assetcatalog; path = Assets.xcassets; sourceTree = "<group>"; };
		4152BCA42981E23A001F3221 /* Preview Assets.xcassets */ = {isa = PBXFileReference; lastKnownFileType = folder.assetcatalog; path = "Preview Assets.xcassets"; sourceTree = "<group>"; };
		4152BCA62981E23A001F3221 /* Persistence.swift */ = {isa = PBXFileReference; lastKnownFileType = sourcecode.swift; path = Persistence.swift; sourceTree = "<group>"; };
		4152BCAF2981E23A001F3221 /* MyWeatherTests.xctest */ = {isa = PBXFileReference; explicitFileType = wrapper.cfbundle; includeInIndex = 0; path = MyWeatherTests.xctest; sourceTree = BUILT_PRODUCTS_DIR; };
		4152BCB32981E23A001F3221 /* MyWeatherTests.swift */ = {isa = PBXFileReference; lastKnownFileType = sourcecode.swift; path = MyWeatherTests.swift; sourceTree = "<group>"; };
		4152BCB92981E23A001F3221 /* MyWeatherUITests.xctest */ = {isa = PBXFileReference; explicitFileType = wrapper.cfbundle; includeInIndex = 0; path = MyWeatherUITests.xctest; sourceTree = BUILT_PRODUCTS_DIR; };
		4152BCBD2981E23A001F3221 /* MyWeatherUITests.swift */ = {isa = PBXFileReference; lastKnownFileType = sourcecode.swift; path = MyWeatherUITests.swift; sourceTree = "<group>"; };
		4152BCBF2981E23A001F3221 /* MyWeatherUITestsLaunchTests.swift */ = {isa = PBXFileReference; lastKnownFileType = sourcecode.swift; path = MyWeatherUITestsLaunchTests.swift; sourceTree = "<group>"; };
		4152BCD02981E524001F3221 /* LocationDataManager.swift */ = {isa = PBXFileReference; lastKnownFileType = sourcecode.swift; path = LocationDataManager.swift; sourceTree = "<group>"; };
		4152BCD22981E55A001F3221 /* LocationSearchModel.swift */ = {isa = PBXFileReference; lastKnownFileType = sourcecode.swift; path = LocationSearchModel.swift; sourceTree = "<group>"; };
		4152BCD42981E580001F3221 /* AddView.swift */ = {isa = PBXFileReference; lastKnownFileType = sourcecode.swift; path = AddView.swift; sourceTree = "<group>"; };
		4152BCD62981E5B2001F3221 /* SettingsView.swift */ = {isa = PBXFileReference; lastKnownFileType = sourcecode.swift; path = SettingsView.swift; sourceTree = "<group>"; };
		4152BCD82981E5F7001F3221 /* WeatherModel.swift */ = {isa = PBXFileReference; lastKnownFileType = sourcecode.swift; path = WeatherModel.swift; sourceTree = "<group>"; };
		41712F19298307CD004DBB5B /* CityInfo.xcdatamodel */ = {isa = PBXFileReference; lastKnownFileType = wrapper.xcdatamodel; path = CityInfo.xcdatamodel; sourceTree = "<group>"; };
		41712F1B29830841004DBB5B /* CityInfo+CoreDataClass.swift */ = {isa = PBXFileReference; lastKnownFileType = sourcecode.swift; name = "CityInfo+CoreDataClass.swift"; path = "MyWeather/CityInfo+CoreDataClass.swift"; sourceTree = "<group>"; };
		41712F1C29830841004DBB5B /* CityInfo+CoreDataProperties.swift */ = {isa = PBXFileReference; lastKnownFileType = sourcecode.swift; name = "CityInfo+CoreDataProperties.swift"; path = "MyWeather/CityInfo+CoreDataProperties.swift"; sourceTree = "<group>"; };
		41BE6FC42983DAEC0066872E /* CityView.swift */ = {isa = PBXFileReference; lastKnownFileType = sourcecode.swift; path = CityView.swift; sourceTree = "<group>"; };
		41BE6FC62983F7F90066872E /* CurrentLocationView.swift */ = {isa = PBXFileReference; lastKnownFileType = sourcecode.swift; path = CurrentLocationView.swift; sourceTree = "<group>"; };
/* End PBXFileReference section */

/* Begin PBXFrameworksBuildPhase section */
		4152BC972981E239001F3221 /* Frameworks */ = {
			isa = PBXFrameworksBuildPhase;
			buildActionMask = 2147483647;
			files = (
			);
			runOnlyForDeploymentPostprocessing = 0;
		};
		4152BCAC2981E23A001F3221 /* Frameworks */ = {
			isa = PBXFrameworksBuildPhase;
			buildActionMask = 2147483647;
			files = (
			);
			runOnlyForDeploymentPostprocessing = 0;
		};
		4152BCB62981E23A001F3221 /* Frameworks */ = {
			isa = PBXFrameworksBuildPhase;
			buildActionMask = 2147483647;
			files = (
			);
			runOnlyForDeploymentPostprocessing = 0;
		};
/* End PBXFrameworksBuildPhase section */

/* Begin PBXGroup section */
		4152BC912981E239001F3221 = {
			isa = PBXGroup;
			children = (
				41712F1B29830841004DBB5B /* CityInfo+CoreDataClass.swift */,
				41712F1C29830841004DBB5B /* CityInfo+CoreDataProperties.swift */,
				4152BC9C2981E239001F3221 /* MyWeather */,
				4152BCB22981E23A001F3221 /* MyWeatherTests */,
				4152BCBC2981E23A001F3221 /* MyWeatherUITests */,
				4152BC9B2981E239001F3221 /* Products */,
			);
			sourceTree = "<group>";
		};
		4152BC9B2981E239001F3221 /* Products */ = {
			isa = PBXGroup;
			children = (
				4152BC9A2981E239001F3221 /* MyWeather.app */,
				4152BCAF2981E23A001F3221 /* MyWeatherTests.xctest */,
				4152BCB92981E23A001F3221 /* MyWeatherUITests.xctest */,
			);
			name = Products;
			sourceTree = "<group>";
		};
		4152BC9C2981E239001F3221 /* MyWeather */ = {
			isa = PBXGroup;
			children = (
				4152BC9D2981E239001F3221 /* MyWeatherApp.swift */,
				4152BC9F2981E239001F3221 /* ContentView.swift */,
				4152BCA12981E23A001F3221 /* Assets.xcassets */,
				4152BCA62981E23A001F3221 /* Persistence.swift */,
				4152BCA32981E23A001F3221 /* Preview Content */,
				4152BCD02981E524001F3221 /* LocationDataManager.swift */,
				4152BCD22981E55A001F3221 /* LocationSearchModel.swift */,
				4152BCD42981E580001F3221 /* AddView.swift */,
				4152BCD62981E5B2001F3221 /* SettingsView.swift */,
				4152BCD82981E5F7001F3221 /* WeatherModel.swift */,
				41712F18298307CD004DBB5B /* CityInfo.xcdatamodeld */,
				41BE6FC42983DAEC0066872E /* CityView.swift */,
				41BE6FC62983F7F90066872E /* CurrentLocationView.swift */,
			);
			path = MyWeather;
			sourceTree = "<group>";
		};
		4152BCA32981E23A001F3221 /* Preview Content */ = {
			isa = PBXGroup;
			children = (
				4152BCA42981E23A001F3221 /* Preview Assets.xcassets */,
			);
			path = "Preview Content";
			sourceTree = "<group>";
		};
		4152BCB22981E23A001F3221 /* MyWeatherTests */ = {
			isa = PBXGroup;
			children = (
				4152BCB32981E23A001F3221 /* MyWeatherTests.swift */,
			);
			path = MyWeatherTests;
			sourceTree = "<group>";
		};
		4152BCBC2981E23A001F3221 /* MyWeatherUITests */ = {
			isa = PBXGroup;
			children = (
				4152BCBD2981E23A001F3221 /* MyWeatherUITests.swift */,
				4152BCBF2981E23A001F3221 /* MyWeatherUITestsLaunchTests.swift */,
			);
			path = MyWeatherUITests;
			sourceTree = "<group>";
		};
/* End PBXGroup section */

/* Begin PBXNativeTarget section */
		4152BC992981E239001F3221 /* MyWeather */ = {
			isa = PBXNativeTarget;
			buildConfigurationList = 4152BCC32981E23A001F3221 /* Build configuration list for PBXNativeTarget "MyWeather" */;
			buildPhases = (
				4152BC962981E239001F3221 /* Sources */,
				4152BC972981E239001F3221 /* Frameworks */,
				4152BC982981E239001F3221 /* Resources */,
			);
			buildRules = (
			);
			dependencies = (
			);
			name = MyWeather;
			productName = MyWeather;
			productReference = 4152BC9A2981E239001F3221 /* MyWeather.app */;
			productType = "com.apple.product-type.application";
		};
		4152BCAE2981E23A001F3221 /* MyWeatherTests */ = {
			isa = PBXNativeTarget;
			buildConfigurationList = 4152BCC62981E23A001F3221 /* Build configuration list for PBXNativeTarget "MyWeatherTests" */;
			buildPhases = (
				4152BCAB2981E23A001F3221 /* Sources */,
				4152BCAC2981E23A001F3221 /* Frameworks */,
				4152BCAD2981E23A001F3221 /* Resources */,
			);
			buildRules = (
			);
			dependencies = (
				4152BCB12981E23A001F3221 /* PBXTargetDependency */,
			);
			name = MyWeatherTests;
			productName = MyWeatherTests;
			productReference = 4152BCAF2981E23A001F3221 /* MyWeatherTests.xctest */;
			productType = "com.apple.product-type.bundle.unit-test";
		};
		4152BCB82981E23A001F3221 /* MyWeatherUITests */ = {
			isa = PBXNativeTarget;
			buildConfigurationList = 4152BCC92981E23A001F3221 /* Build configuration list for PBXNativeTarget "MyWeatherUITests" */;
			buildPhases = (
				4152BCB52981E23A001F3221 /* Sources */,
				4152BCB62981E23A001F3221 /* Frameworks */,
				4152BCB72981E23A001F3221 /* Resources */,
			);
			buildRules = (
			);
			dependencies = (
				4152BCBB2981E23A001F3221 /* PBXTargetDependency */,
			);
			name = MyWeatherUITests;
			productName = MyWeatherUITests;
			productReference = 4152BCB92981E23A001F3221 /* MyWeatherUITests.xctest */;
			productType = "com.apple.product-type.bundle.ui-testing";
		};
/* End PBXNativeTarget section */

/* Begin PBXProject section */
		4152BC922981E239001F3221 /* Project object */ = {
			isa = PBXProject;
			attributes = {
				BuildIndependentTargetsInParallel = 1;
				LastSwiftUpdateCheck = 1420;
				LastUpgradeCheck = 1420;
				TargetAttributes = {
					4152BC992981E239001F3221 = {
						CreatedOnToolsVersion = 14.2;
					};
					4152BCAE2981E23A001F3221 = {
						CreatedOnToolsVersion = 14.2;
						TestTargetID = 4152BC992981E239001F3221;
					};
					4152BCB82981E23A001F3221 = {
						CreatedOnToolsVersion = 14.2;
						TestTargetID = 4152BC992981E239001F3221;
					};
				};
			};
			buildConfigurationList = 4152BC952981E239001F3221 /* Build configuration list for PBXProject "MyWeather" */;
			compatibilityVersion = "Xcode 14.0";
			developmentRegion = en;
			hasScannedForEncodings = 0;
			knownRegions = (
				en,
				Base,
			);
			mainGroup = 4152BC912981E239001F3221;
			productRefGroup = 4152BC9B2981E239001F3221 /* Products */;
			projectDirPath = "";
			projectRoot = "";
			targets = (
				4152BC992981E239001F3221 /* MyWeather */,
				4152BCAE2981E23A001F3221 /* MyWeatherTests */,
				4152BCB82981E23A001F3221 /* MyWeatherUITests */,
			);
		};
/* End PBXProject section */

/* Begin PBXResourcesBuildPhase section */
		4152BC982981E239001F3221 /* Resources */ = {
			isa = PBXResourcesBuildPhase;
			buildActionMask = 2147483647;
			files = (
				4152BCA52981E23A001F3221 /* Preview Assets.xcassets in Resources */,
				4152BCA22981E23A001F3221 /* Assets.xcassets in Resources */,
			);
			runOnlyForDeploymentPostprocessing = 0;
		};
		4152BCAD2981E23A001F3221 /* Resources */ = {
			isa = PBXResourcesBuildPhase;
			buildActionMask = 2147483647;
			files = (
			);
			runOnlyForDeploymentPostprocessing = 0;
		};
		4152BCB72981E23A001F3221 /* Resources */ = {
			isa = PBXResourcesBuildPhase;
			buildActionMask = 2147483647;
			files = (
			);
			runOnlyForDeploymentPostprocessing = 0;
		};
/* End PBXResourcesBuildPhase section */

/* Begin PBXSourcesBuildPhase section */
		4152BC962981E239001F3221 /* Sources */ = {
			isa = PBXSourcesBuildPhase;
			buildActionMask = 2147483647;
			files = (
				4152BCD12981E524001F3221 /* LocationDataManager.swift in Sources */,
				41BE6FC52983DAEC0066872E /* CityView.swift in Sources */,
				4152BCD52981E580001F3221 /* AddView.swift in Sources */,
				4152BCA72981E23A001F3221 /* Persistence.swift in Sources */,
				41712F1D29830841004DBB5B /* CityInfo+CoreDataClass.swift in Sources */,
				4152BCD72981E5B2001F3221 /* SettingsView.swift in Sources */,
				41712F1A298307CD004DBB5B /* CityInfo.xcdatamodeld in Sources */,
				4152BCD32981E55A001F3221 /* LocationSearchModel.swift in Sources */,
				41712F1E29830841004DBB5B /* CityInfo+CoreDataProperties.swift in Sources */,
				41BE6FC72983F7F90066872E /* CurrentLocationView.swift in Sources */,
				4152BCA02981E239001F3221 /* ContentView.swift in Sources */,
				4152BC9E2981E239001F3221 /* MyWeatherApp.swift in Sources */,
				4152BCD92981E5F7001F3221 /* WeatherModel.swift in Sources */,
			);
			runOnlyForDeploymentPostprocessing = 0;
		};
		4152BCAB2981E23A001F3221 /* Sources */ = {
			isa = PBXSourcesBuildPhase;
			buildActionMask = 2147483647;
			files = (
				4152BCB42981E23A001F3221 /* MyWeatherTests.swift in Sources */,
			);
			runOnlyForDeploymentPostprocessing = 0;
		};
		4152BCB52981E23A001F3221 /* Sources */ = {
			isa = PBXSourcesBuildPhase;
			buildActionMask = 2147483647;
			files = (
				4152BCBE2981E23A001F3221 /* MyWeatherUITests.swift in Sources */,
				4152BCC02981E23A001F3221 /* MyWeatherUITestsLaunchTests.swift in Sources */,
			);
			runOnlyForDeploymentPostprocessing = 0;
		};
/* End PBXSourcesBuildPhase section */

/* Begin PBXTargetDependency section */
		4152BCB12981E23A001F3221 /* PBXTargetDependency */ = {
			isa = PBXTargetDependency;
			target = 4152BC992981E239001F3221 /* MyWeather */;
			targetProxy = 4152BCB02981E23A001F3221 /* PBXContainerItemProxy */;
		};
		4152BCBB2981E23A001F3221 /* PBXTargetDependency */ = {
			isa = PBXTargetDependency;
			target = 4152BC992981E239001F3221 /* MyWeather */;
			targetProxy = 4152BCBA2981E23A001F3221 /* PBXContainerItemProxy */;
		};
/* End PBXTargetDependency section */

/* Begin XCBuildConfiguration section */
		4152BCC12981E23A001F3221 /* Debug */ = {
			isa = XCBuildConfiguration;
			buildSettings = {
				ALWAYS_SEARCH_USER_PATHS = NO;
				CLANG_ANALYZER_NONNULL = YES;
				CLANG_ANALYZER_NUMBER_OBJECT_CONVERSION = YES_AGGRESSIVE;
				CLANG_CXX_LANGUAGE_STANDARD = "gnu++20";
				CLANG_ENABLE_MODULES = YES;
				CLANG_ENABLE_OBJC_ARC = YES;
				CLANG_ENABLE_OBJC_WEAK = YES;
				CLANG_WARN_BLOCK_CAPTURE_AUTORELEASING = YES;
				CLANG_WARN_BOOL_CONVERSION = YES;
				CLANG_WARN_COMMA = YES;
				CLANG_WARN_CONSTANT_CONVERSION = YES;
				CLANG_WARN_DEPRECATED_OBJC_IMPLEMENTATIONS = YES;
				CLANG_WARN_DIRECT_OBJC_ISA_USAGE = YES_ERROR;
				CLANG_WARN_DOCUMENTATION_COMMENTS = YES;
				CLANG_WARN_EMPTY_BODY = YES;
				CLANG_WARN_ENUM_CONVERSION = YES;
				CLANG_WARN_INFINITE_RECURSION = YES;
				CLANG_WARN_INT_CONVERSION = YES;
				CLANG_WARN_NON_LITERAL_NULL_CONVERSION = YES;
				CLANG_WARN_OBJC_IMPLICIT_RETAIN_SELF = YES;
				CLANG_WARN_OBJC_LITERAL_CONVERSION = YES;
				CLANG_WARN_OBJC_ROOT_CLASS = YES_ERROR;
				CLANG_WARN_QUOTED_INCLUDE_IN_FRAMEWORK_HEADER = YES;
				CLANG_WARN_RANGE_LOOP_ANALYSIS = YES;
				CLANG_WARN_STRICT_PROTOTYPES = YES;
				CLANG_WARN_SUSPICIOUS_MOVE = YES;
				CLANG_WARN_UNGUARDED_AVAILABILITY = YES_AGGRESSIVE;
				CLANG_WARN_UNREACHABLE_CODE = YES;
				CLANG_WARN__DUPLICATE_METHOD_MATCH = YES;
				COPY_PHASE_STRIP = NO;
				DEBUG_INFORMATION_FORMAT = dwarf;
				ENABLE_STRICT_OBJC_MSGSEND = YES;
				ENABLE_TESTABILITY = YES;
				GCC_C_LANGUAGE_STANDARD = gnu11;
				GCC_DYNAMIC_NO_PIC = NO;
				GCC_NO_COMMON_BLOCKS = YES;
				GCC_OPTIMIZATION_LEVEL = 0;
				GCC_PREPROCESSOR_DEFINITIONS = (
					"DEBUG=1",
					"$(inherited)",
				);
				GCC_WARN_64_TO_32_BIT_CONVERSION = YES;
				GCC_WARN_ABOUT_RETURN_TYPE = YES_ERROR;
				GCC_WARN_UNDECLARED_SELECTOR = YES;
				GCC_WARN_UNINITIALIZED_AUTOS = YES_AGGRESSIVE;
				GCC_WARN_UNUSED_FUNCTION = YES;
				GCC_WARN_UNUSED_VARIABLE = YES;
				IPHONEOS_DEPLOYMENT_TARGET = 16.2;
				MTL_ENABLE_DEBUG_INFO = INCLUDE_SOURCE;
				MTL_FAST_MATH = YES;
				ONLY_ACTIVE_ARCH = YES;
				SDKROOT = iphoneos;
				SWIFT_ACTIVE_COMPILATION_CONDITIONS = DEBUG;
				SWIFT_OPTIMIZATION_LEVEL = "-Onone";
			};
			name = Debug;
		};
		4152BCC22981E23A001F3221 /* Release */ = {
			isa = XCBuildConfiguration;
			buildSettings = {
				ALWAYS_SEARCH_USER_PATHS = NO;
				CLANG_ANALYZER_NONNULL = YES;
				CLANG_ANALYZER_NUMBER_OBJECT_CONVERSION = YES_AGGRESSIVE;
				CLANG_CXX_LANGUAGE_STANDARD = "gnu++20";
				CLANG_ENABLE_MODULES = YES;
				CLANG_ENABLE_OBJC_ARC = YES;
				CLANG_ENABLE_OBJC_WEAK = YES;
				CLANG_WARN_BLOCK_CAPTURE_AUTORELEASING = YES;
				CLANG_WARN_BOOL_CONVERSION = YES;
				CLANG_WARN_COMMA = YES;
				CLANG_WARN_CONSTANT_CONVERSION = YES;
				CLANG_WARN_DEPRECATED_OBJC_IMPLEMENTATIONS = YES;
				CLANG_WARN_DIRECT_OBJC_ISA_USAGE = YES_ERROR;
				CLANG_WARN_DOCUMENTATION_COMMENTS = YES;
				CLANG_WARN_EMPTY_BODY = YES;
				CLANG_WARN_ENUM_CONVERSION = YES;
				CLANG_WARN_INFINITE_RECURSION = YES;
				CLANG_WARN_INT_CONVERSION = YES;
				CLANG_WARN_NON_LITERAL_NULL_CONVERSION = YES;
				CLANG_WARN_OBJC_IMPLICIT_RETAIN_SELF = YES;
				CLANG_WARN_OBJC_LITERAL_CONVERSION = YES;
				CLANG_WARN_OBJC_ROOT_CLASS = YES_ERROR;
				CLANG_WARN_QUOTED_INCLUDE_IN_FRAMEWORK_HEADER = YES;
				CLANG_WARN_RANGE_LOOP_ANALYSIS = YES;
				CLANG_WARN_STRICT_PROTOTYPES = YES;
				CLANG_WARN_SUSPICIOUS_MOVE = YES;
				CLANG_WARN_UNGUARDED_AVAILABILITY = YES_AGGRESSIVE;
				CLANG_WARN_UNREACHABLE_CODE = YES;
				CLANG_WARN__DUPLICATE_METHOD_MATCH = YES;
				COPY_PHASE_STRIP = NO;
				DEBUG_INFORMATION_FORMAT = "dwarf-with-dsym";
				ENABLE_NS_ASSERTIONS = NO;
				ENABLE_STRICT_OBJC_MSGSEND = YES;
				GCC_C_LANGUAGE_STANDARD = gnu11;
				GCC_NO_COMMON_BLOCKS = YES;
				GCC_WARN_64_TO_32_BIT_CONVERSION = YES;
				GCC_WARN_ABOUT_RETURN_TYPE = YES_ERROR;
				GCC_WARN_UNDECLARED_SELECTOR = YES;
				GCC_WARN_UNINITIALIZED_AUTOS = YES_AGGRESSIVE;
				GCC_WARN_UNUSED_FUNCTION = YES;
				GCC_WARN_UNUSED_VARIABLE = YES;
				IPHONEOS_DEPLOYMENT_TARGET = 16.2;
				MTL_ENABLE_DEBUG_INFO = NO;
				MTL_FAST_MATH = YES;
				SDKROOT = iphoneos;
				SWIFT_COMPILATION_MODE = wholemodule;
				SWIFT_OPTIMIZATION_LEVEL = "-O";
				VALIDATE_PRODUCT = YES;
			};
			name = Release;
		};
		4152BCC42981E23A001F3221 /* Debug */ = {
			isa = XCBuildConfiguration;
			buildSettings = {
				ASSETCATALOG_COMPILER_APPICON_NAME = AppIcon;
				ASSETCATALOG_COMPILER_GLOBAL_ACCENT_COLOR_NAME = AccentColor;
				CODE_SIGN_STYLE = Automatic;
				CURRENT_PROJECT_VERSION = 1;
				DEVELOPMENT_ASSET_PATHS = "\"MyWeather/Preview Content\"";
				ENABLE_PREVIEWS = YES;
				GENERATE_INFOPLIST_FILE = YES;
				INFOPLIST_KEY_NSLocationWhenInUseUsageDescription = "Please grant permission";
				INFOPLIST_KEY_UIApplicationSceneManifest_Generation = YES;
				INFOPLIST_KEY_UIApplicationSupportsIndirectInputEvents = YES;
				INFOPLIST_KEY_UILaunchScreen_Generation = YES;
				INFOPLIST_KEY_UISupportedInterfaceOrientations_iPad = "UIInterfaceOrientationPortrait UIInterfaceOrientationPortraitUpsideDown UIInterfaceOrientationLandscapeLeft UIInterfaceOrientationLandscapeRight";
				INFOPLIST_KEY_UISupportedInterfaceOrientations_iPhone = "UIInterfaceOrientationPortrait UIInterfaceOrientationLandscapeLeft UIInterfaceOrientationLandscapeRight";
				LD_RUNPATH_SEARCH_PATHS = (
					"$(inherited)",
					"@executable_path/Frameworks",
				);
				MARKETING_VERSION = 1.0;
				PRODUCT_BUNDLE_IDENTIFIER = fi.tuni.tamk.MyWeather;
				PRODUCT_NAME = "$(TARGET_NAME)";
				SWIFT_EMIT_LOC_STRINGS = YES;
				SWIFT_VERSION = 5.0;
				TARGETED_DEVICE_FAMILY = "1,2";
			};
			name = Debug;
		};
		4152BCC52981E23A001F3221 /* Release */ = {
			isa = XCBuildConfiguration;
			buildSettings = {
				ASSETCATALOG_COMPILER_APPICON_NAME = AppIcon;
				ASSETCATALOG_COMPILER_GLOBAL_ACCENT_COLOR_NAME = AccentColor;
				CODE_SIGN_STYLE = Automatic;
				CURRENT_PROJECT_VERSION = 1;
				DEVELOPMENT_ASSET_PATHS = "\"MyWeather/Preview Content\"";
				ENABLE_PREVIEWS = YES;
				GENERATE_INFOPLIST_FILE = YES;
				INFOPLIST_KEY_NSLocationWhenInUseUsageDescription = "Please grant permission";
				INFOPLIST_KEY_UIApplicationSceneManifest_Generation = YES;
				INFOPLIST_KEY_UIApplicationSupportsIndirectInputEvents = YES;
				INFOPLIST_KEY_UILaunchScreen_Generation = YES;
				INFOPLIST_KEY_UISupportedInterfaceOrientations_iPad = "UIInterfaceOrientationPortrait UIInterfaceOrientationPortraitUpsideDown UIInterfaceOrientationLandscapeLeft UIInterfaceOrientationLandscapeRight";
				INFOPLIST_KEY_UISupportedInterfaceOrientations_iPhone = "UIInterfaceOrientationPortrait UIInterfaceOrientationLandscapeLeft UIInterfaceOrientationLandscapeRight";
				LD_RUNPATH_SEARCH_PATHS = (
					"$(inherited)",
					"@executable_path/Frameworks",
				);
				MARKETING_VERSION = 1.0;
				PRODUCT_BUNDLE_IDENTIFIER = fi.tuni.tamk.MyWeather;
				PRODUCT_NAME = "$(TARGET_NAME)";
				SWIFT_EMIT_LOC_STRINGS = YES;
				SWIFT_VERSION = 5.0;
				TARGETED_DEVICE_FAMILY = "1,2";
			};
			name = Release;
		};
		4152BCC72981E23A001F3221 /* Debug */ = {
			isa = XCBuildConfiguration;
			buildSettings = {
				ALWAYS_EMBED_SWIFT_STANDARD_LIBRARIES = YES;
				BUNDLE_LOADER = "$(TEST_HOST)";
				CODE_SIGN_STYLE = Automatic;
				CURRENT_PROJECT_VERSION = 1;
				GENERATE_INFOPLIST_FILE = YES;
				IPHONEOS_DEPLOYMENT_TARGET = 16.2;
				MARKETING_VERSION = 1.0;
				PRODUCT_BUNDLE_IDENTIFIER = fi.tuni.tamk.MyWeatherTests;
				PRODUCT_NAME = "$(TARGET_NAME)";
				SWIFT_EMIT_LOC_STRINGS = NO;
				SWIFT_VERSION = 5.0;
				TARGETED_DEVICE_FAMILY = "1,2";
				TEST_HOST = "$(BUILT_PRODUCTS_DIR)/MyWeather.app/$(BUNDLE_EXECUTABLE_FOLDER_PATH)/MyWeather";
			};
			name = Debug;
		};
		4152BCC82981E23A001F3221 /* Release */ = {
			isa = XCBuildConfiguration;
			buildSettings = {
				ALWAYS_EMBED_SWIFT_STANDARD_LIBRARIES = YES;
				BUNDLE_LOADER = "$(TEST_HOST)";
				CODE_SIGN_STYLE = Automatic;
				CURRENT_PROJECT_VERSION = 1;
				GENERATE_INFOPLIST_FILE = YES;
				IPHONEOS_DEPLOYMENT_TARGET = 16.2;
				MARKETING_VERSION = 1.0;
				PRODUCT_BUNDLE_IDENTIFIER = fi.tuni.tamk.MyWeatherTests;
				PRODUCT_NAME = "$(TARGET_NAME)";
				SWIFT_EMIT_LOC_STRINGS = NO;
				SWIFT_VERSION = 5.0;
				TARGETED_DEVICE_FAMILY = "1,2";
				TEST_HOST = "$(BUILT_PRODUCTS_DIR)/MyWeather.app/$(BUNDLE_EXECUTABLE_FOLDER_PATH)/MyWeather";
			};
			name = Release;
		};
		4152BCCA2981E23A001F3221 /* Debug */ = {
			isa = XCBuildConfiguration;
			buildSettings = {
				ALWAYS_EMBED_SWIFT_STANDARD_LIBRARIES = YES;
				CODE_SIGN_STYLE = Automatic;
				CURRENT_PROJECT_VERSION = 1;
				GENERATE_INFOPLIST_FILE = YES;
				MARKETING_VERSION = 1.0;
				PRODUCT_BUNDLE_IDENTIFIER = fi.tuni.tamk.MyWeatherUITests;
				PRODUCT_NAME = "$(TARGET_NAME)";
				SWIFT_EMIT_LOC_STRINGS = NO;
				SWIFT_VERSION = 5.0;
				TARGETED_DEVICE_FAMILY = "1,2";
				TEST_TARGET_NAME = MyWeather;
			};
			name = Debug;
		};
		4152BCCB2981E23A001F3221 /* Release */ = {
			isa = XCBuildConfiguration;
			buildSettings = {
				ALWAYS_EMBED_SWIFT_STANDARD_LIBRARIES = YES;
				CODE_SIGN_STYLE = Automatic;
				CURRENT_PROJECT_VERSION = 1;
				GENERATE_INFOPLIST_FILE = YES;
				MARKETING_VERSION = 1.0;
				PRODUCT_BUNDLE_IDENTIFIER = fi.tuni.tamk.MyWeatherUITests;
				PRODUCT_NAME = "$(TARGET_NAME)";
				SWIFT_EMIT_LOC_STRINGS = NO;
				SWIFT_VERSION = 5.0;
				TARGETED_DEVICE_FAMILY = "1,2";
				TEST_TARGET_NAME = MyWeather;
			};
			name = Release;
		};
/* End XCBuildConfiguration section */

/* Begin XCConfigurationList section */
		4152BC952981E239001F3221 /* Build configuration list for PBXProject "MyWeather" */ = {
			isa = XCConfigurationList;
			buildConfigurations = (
				4152BCC12981E23A001F3221 /* Debug */,
				4152BCC22981E23A001F3221 /* Release */,
			);
			defaultConfigurationIsVisible = 0;
			defaultConfigurationName = Release;
		};
		4152BCC32981E23A001F3221 /* Build configuration list for PBXNativeTarget "MyWeather" */ = {
			isa = XCConfigurationList;
			buildConfigurations = (
				4152BCC42981E23A001F3221 /* Debug */,
				4152BCC52981E23A001F3221 /* Release */,
			);
			defaultConfigurationIsVisible = 0;
			defaultConfigurationName = Release;
		};
		4152BCC62981E23A001F3221 /* Build configuration list for PBXNativeTarget "MyWeatherTests" */ = {
			isa = XCConfigurationList;
			buildConfigurations = (
				4152BCC72981E23A001F3221 /* Debug */,
				4152BCC82981E23A001F3221 /* Release */,
			);
			defaultConfigurationIsVisible = 0;
			defaultConfigurationName = Release;
		};
		4152BCC92981E23A001F3221 /* Build configuration list for PBXNativeTarget "MyWeatherUITests" */ = {
			isa = XCConfigurationList;
			buildConfigurations = (
				4152BCCA2981E23A001F3221 /* Debug */,
				4152BCCB2981E23A001F3221 /* Release */,
			);
			defaultConfigurationIsVisible = 0;
			defaultConfigurationName = Release;
		};
/* End XCConfigurationList section */

/* Begin XCVersionGroup section */
		41712F18298307CD004DBB5B /* CityInfo.xcdatamodeld */ = {
			isa = XCVersionGroup;
			children = (
				41712F19298307CD004DBB5B /* CityInfo.xcdatamodel */,
			);
			currentVersion = 41712F19298307CD004DBB5B /* CityInfo.xcdatamodel */;
			path = CityInfo.xcdatamodeld;
			sourceTree = "<group>";
			versionGroupType = wrapper.xcdatamodel;
		};
/* End XCVersionGroup section */
	};
	rootObject = 4152BC922981E239001F3221 /* Project object */;
}
